
Microsoft Visual Studio Solution File, Format Version 12.00
# Visual Studio Version 16
VisualStudioVersion = 16.0.31112.23
MinimumVisualStudioVersion = 10.0.40219.1
Project("{FAE04EC0-301F-11D3-BF4B-00C04F79EFBC}") = "MaskeTakip", "MaskeTakip\MaskeTakip.csproj", "{DDFD4F40-E92C-4789-8475-922093979335}"
EndProject
Project("{FAE04EC0-301F-11D3-BF4B-00C04F79EFBC}") = "Entities", "Entities\Entities.csproj", "{A8226982-401E-44A5-8745-95ECF2C7C5C4}"
EndProject
Project("{FAE04EC0-301F-11D3-BF4B-00C04F79EFBC}") = "Business", "Business\Business.csproj", "{4A6C2E0C-E415-4D1B-AA49-14DCA7E7928D}"
EndProject
Global
	GlobalSection(SolutionConfigurationPlatforms) = preSolution
		Debug|Any CPU = Debug|Any CPU
		Release|Any CPU = Release|Any CPU
	EndGlobalSection
	GlobalSection(ProjectConfigurationPlatforms) = postSolution
		{DDFD4F40-E92C-4789-8475-922093979335}.Debug|Any CPU.ActiveCfg = Debug|Any CPU
		{DDFD4F40-E92C-4789-8475-922093979335}.Debug|Any CPU.Build.0 = Debug|Any CPU
		{DDFD4F40-E92C-4789-8475-922093979335}.Release|Any CPU.ActiveCfg = Release|Any CPU
		{DDFD4F40-E92C-4789-8475-922093979335}.Release|Any CPU.Build.0 = Release|Any CPU
		{A8226982-401E-44A5-8745-95ECF2C7C5C4}.Debug|Any CPU.ActiveCfg = Debug|Any CPU
		{A8226982-401E-44A5-8745-95ECF2C7C5C4}.Debug|Any CPU.Build.0 = Debug|Any CPU
		{A8226982-401E-44A5-8745-95ECF2C7C5C4}.Release|Any CPU.ActiveCfg = Release|Any CPU
		{A8226982-401E-44A5-8745-95ECF2C7C5C4}.Release|Any CPU.Build.0 = Release|Any CPU
		{4A6C2E0C-E415-4D1B-AA49-14DCA7E7928D}.Debug|Any CPU.ActiveCfg = Debug|Any CPU
		{4A6C2E0C-E415-4D1B-AA49-14DCA7E7928D}.Debug|Any CPU.Build.0 = Debug|Any CPU
		{4A6C2E0C-E415-4D1B-AA49-14DCA7E7928D}.Release|Any CPU.ActiveCfg = Release|Any CPU
		{4A6C2E0C-E415-4D1B-AA49-14DCA7E7928D}.Release|Any CPU.Build.0 = Release|Any CPU
	EndGlobalSection
	GlobalSection(SolutionProperties) = preSolution
		HideSolutionNode = FALSE
	EndGlobalSection
	GlobalSection(ExtensibilityGlobals) = postSolution
		SolutionGuid = {0F5BBE03-2338-4C68-9664-6C3803CBE817}
	EndGlobalSection
EndGlobal
